
Microsoft Visual Studio Solution File, Format Version 12.00
# Visual Studio 15
VisualStudioVersion = 15.0.26403.0
MinimumVisualStudioVersion = 10.0.40219.1
Project("{D954291E-2A0B-460D-934E-DC6B0785DB48}") = "NotificationTest", "NotificationTest\NotificationTest\NotificationTest.shproj", "{30340374-2BE2-4D5A-809D-A8FDD5E60BCB}"
EndProject
Project("{FAE04EC0-301F-11D3-BF4B-00C04F79EFBC}") = "NotificationTest.Android", "NotificationTest\NotificationTest.Android\NotificationTest.Android.csproj", "{B7B8F887-6CF2-4887-BC94-A5A456279B4A}"
EndProject
Project("{FAE04EC0-301F-11D3-BF4B-00C04F79EFBC}") = "NotificationTest.iOS", "NotificationTest\NotificationTest.iOS\NotificationTest.iOS.csproj", "{ACC215FD-EBEB-4E23-B6D3-498CDE60F209}"
EndProject
Project("{FAE04EC0-301F-11D3-BF4B-00C04F79EFBC}") = "NotificationTest.UWP", "NotificationTest\NotificationTest.UWP\NotificationTest.UWP.csproj", "{223CF2BD-AB8A-4F89-B8E5-90CFC1BBA71F}"
EndProject
Global
	GlobalSection(SharedMSBuildProjectFiles) = preSolution
		NotificationTest\NotificationTest\NotificationTest.projitems*{30340374-2be2-4d5a-809d-a8fdd5e60bcb}*SharedItemsImports = 13
		NotificationTest\NotificationTest\NotificationTest.projitems*{acc215fd-ebeb-4e23-b6d3-498cde60f209}*SharedItemsImports = 4
		NotificationTest\NotificationTest\NotificationTest.projitems*{b7b8f887-6cf2-4887-bc94-a5a456279b4a}*SharedItemsImports = 4
	EndGlobalSection
	GlobalSection(SolutionConfigurationPlatforms) = preSolution
		Ad-Hoc|Any CPU = Ad-Hoc|Any CPU
		Ad-Hoc|ARM = Ad-Hoc|ARM
		Ad-Hoc|iPhone = Ad-Hoc|iPhone
		Ad-Hoc|iPhoneSimulator = Ad-Hoc|iPhoneSimulator
		Ad-Hoc|x64 = Ad-Hoc|x64
		Ad-Hoc|x86 = Ad-Hoc|x86
		AppStore|Any CPU = AppStore|Any CPU
		AppStore|ARM = AppStore|ARM
		AppStore|iPhone = AppStore|iPhone
		AppStore|iPhoneSimulator = AppStore|iPhoneSimulator
		AppStore|x64 = AppStore|x64
		AppStore|x86 = AppStore|x86
		Debug|Any CPU = Debug|Any CPU
		Debug|ARM = Debug|ARM
		Debug|iPhone = Debug|iPhone
		Debug|iPhoneSimulator = Debug|iPhoneSimulator
		Debug|x64 = Debug|x64
		Debug|x86 = Debug|x86
		Release|Any CPU = Release|Any CPU
		Release|ARM = Release|ARM
		Release|iPhone = Release|iPhone
		Release|iPhoneSimulator = Release|iPhoneSimulator
		Release|x64 = Release|x64
		Release|x86 = Release|x86
	EndGlobalSection
	GlobalSection(ProjectConfigurationPlatforms) = postSolution
		{B7B8F887-6CF2-4887-BC94-A5A456279B4A}.Ad-Hoc|Any CPU.ActiveCfg = Release|Any CPU
		{B7B8F887-6CF2-4887-BC94-A5A456279B4A}.Ad-Hoc|Any CPU.Build.0 = Release|Any CPU
		{B7B8F887-6CF2-4887-BC94-A5A456279B4A}.Ad-Hoc|Any CPU.Deploy.0 = Release|Any CPU
		{B7B8F887-6CF2-4887-BC94-A5A456279B4A}.Ad-Hoc|ARM.ActiveCfg = Release|Any CPU
		{B7B8F887-6CF2-4887-BC94-A5A456279B4A}.Ad-Hoc|ARM.Build.0 = Release|Any CPU
		{B7B8F887-6CF2-4887-BC94-A5A456279B4A}.Ad-Hoc|ARM.Deploy.0 = Release|Any CPU
		{B7B8F887-6CF2-4887-BC94-A5A456279B4A}.Ad-Hoc|iPhone.ActiveCfg = Release|Any CPU
		{B7B8F887-6CF2-4887-BC94-A5A456279B4A}.Ad-Hoc|iPhone.Build.0 = Release|Any CPU
		{B7B8F887-6CF2-4887-BC94-A5A456279B4A}.Ad-Hoc|iPhone.Deploy.0 = Release|Any CPU
		{B7B8F887-6CF2-4887-BC94-A5A456279B4A}.Ad-Hoc|iPhoneSimulator.ActiveCfg = Release|Any CPU
		{B7B8F887-6CF2-4887-BC94-A5A456279B4A}.Ad-Hoc|iPhoneSimulator.Build.0 = Release|Any CPU
		{B7B8F887-6CF2-4887-BC94-A5A456279B4A}.Ad-Hoc|iPhoneSimulator.Deploy.0 = Release|Any CPU
		{B7B8F887-6CF2-4887-BC94-A5A456279B4A}.Ad-Hoc|x64.ActiveCfg = Release|Any CPU
		{B7B8F887-6CF2-4887-BC94-A5A456279B4A}.Ad-Hoc|x64.Build.0 = Release|Any CPU
		{B7B8F887-6CF2-4887-BC94-A5A456279B4A}.Ad-Hoc|x64.Deploy.0 = Release|Any CPU
		{B7B8F887-6CF2-4887-BC94-A5A456279B4A}.Ad-Hoc|x86.ActiveCfg = Release|Any CPU
		{B7B8F887-6CF2-4887-BC94-A5A456279B4A}.Ad-Hoc|x86.Build.0 = Release|Any CPU
		{B7B8F887-6CF2-4887-BC94-A5A456279B4A}.Ad-Hoc|x86.Deploy.0 = Release|Any CPU
		{B7B8F887-6CF2-4887-BC94-A5A456279B4A}.AppStore|Any CPU.ActiveCfg = Release|Any CPU
		{B7B8F887-6CF2-4887-BC94-A5A456279B4A}.AppStore|Any CPU.Build.0 = Release|Any CPU
		{B7B8F887-6CF2-4887-BC94-A5A456279B4A}.AppStore|Any CPU.Deploy.0 = Release|Any CPU
		{B7B8F887-6CF2-4887-BC94-A5A456279B4A}.AppStore|ARM.ActiveCfg = Release|Any CPU
		{B7B8F887-6CF2-4887-BC94-A5A456279B4A}.AppStore|ARM.Build.0 = Release|Any CPU
		{B7B8F887-6CF2-4887-BC94-A5A456279B4A}.AppStore|ARM.Deploy.0 = Release|Any CPU
		{B7B8F887-6CF2-4887-BC94-A5A456279B4A}.AppStore|iPhone.ActiveCfg = Release|Any CPU
		{B7B8F887-6CF2-4887-BC94-A5A456279B4A}.AppStore|iPhone.Build.0 = Release|Any CPU
		{B7B8F887-6CF2-4887-BC94-A5A456279B4A}.AppStore|iPhone.Deploy.0 = Release|Any CPU
		{B7B8F887-6CF2-4887-BC94-A5A456279B4A}.AppStore|iPhoneSimulator.ActiveCfg = Release|Any CPU
		{B7B8F887-6CF2-4887-BC94-A5A456279B4A}.AppStore|iPhoneSimulator.Build.0 = Release|Any CPU
		{B7B8F887-6CF2-4887-BC94-A5A456279B4A}.AppStore|iPhoneSimulator.Deploy.0 = Release|Any CPU
		{B7B8F887-6CF2-4887-BC94-A5A456279B4A}.AppStore|x64.ActiveCfg = Release|Any CPU
		{B7B8F887-6CF2-4887-BC94-A5A456279B4A}.AppStore|x64.Build.0 = Release|Any CPU
		{B7B8F887-6CF2-4887-BC94-A5A456279B4A}.AppStore|x64.Deploy.0 = Release|Any CPU
		{B7B8F887-6CF2-4887-BC94-A5A456279B4A}.AppStore|x86.ActiveCfg = Release|Any CPU
		{B7B8F887-6CF2-4887-BC94-A5A456279B4A}.AppStore|x86.Build.0 = Release|Any CPU
		{B7B8F887-6CF2-4887-BC94-A5A456279B4A}.AppStore|x86.Deploy.0 = Release|Any CPU
		{B7B8F887-6CF2-4887-BC94-A5A456279B4A}.Debug|Any CPU.ActiveCfg = Debug|Any CPU
		{B7B8F887-6CF2-4887-BC94-A5A456279B4A}.Debug|Any CPU.Build.0 = Debug|Any CPU
		{B7B8F887-6CF2-4887-BC94-A5A456279B4A}.Debug|Any CPU.Deploy.0 = Debug|Any CPU
		{B7B8F887-6CF2-4887-BC94-A5A456279B4A}.Debug|ARM.ActiveCfg = Debug|Any CPU
		{B7B8F887-6CF2-4887-BC94-A5A456279B4A}.Debug|ARM.Build.0 = Debug|Any CPU
		{B7B8F887-6CF2-4887-BC94-A5A456279B4A}.Debug|ARM.Deploy.0 = Debug|Any CPU
		{B7B8F887-6CF2-4887-BC94-A5A456279B4A}.Debug|iPhone.ActiveCfg = Debug|Any CPU
		{B7B8F887-6CF2-4887-BC94-A5A456279B4A}.Debug|iPhone.Build.0 = Debug|Any CPU
		{B7B8F887-6CF2-4887-BC94-A5A456279B4A}.Debug|iPhone.Deploy.0 = Debug|Any CPU
		{B7B8F887-6CF2-4887-BC94-A5A456279B4A}.Debug|iPhoneSimulator.ActiveCfg = Debug|Any CPU
		{B7B8F887-6CF2-4887-BC94-A5A456279B4A}.Debug|iPhoneSimulator.Build.0 = Debug|Any CPU
		{B7B8F887-6CF2-4887-BC94-A5A456279B4A}.Debug|iPhoneSimulator.Deploy.0 = Debug|Any CPU
		{B7B8F887-6CF2-4887-BC94-A5A456279B4A}.Debug|x64.ActiveCfg = Debug|Any CPU
		{B7B8F887-6CF2-4887-BC94-A5A456279B4A}.Debug|x64.Build.0 = Debug|Any CPU
		{B7B8F887-6CF2-4887-BC94-A5A456279B4A}.Debug|x64.Deploy.0 = Debug|Any CPU
		{B7B8F887-6CF2-4887-BC94-A5A456279B4A}.Debug|x86.ActiveCfg = Debug|Any CPU
		{B7B8F887-6CF2-4887-BC94-A5A456279B4A}.Debug|x86.Build.0 = Debug|Any CPU
		{B7B8F887-6CF2-4887-BC94-A5A456279B4A}.Debug|x86.Deploy.0 = Debug|Any CPU
		{B7B8F887-6CF2-4887-BC94-A5A456279B4A}.Release|Any CPU.ActiveCfg = Release|Any CPU
		{B7B8F887-6CF2-4887-BC94-A5A456279B4A}.Release|Any CPU.Build.0 = Release|Any CPU
		{B7B8F887-6CF2-4887-BC94-A5A456279B4A}.Release|Any CPU.Deploy.0 = Release|Any CPU
		{B7B8F887-6CF2-4887-BC94-A5A456279B4A}.Release|ARM.ActiveCfg = Release|Any CPU
		{B7B8F887-6CF2-4887-BC94-A5A456279B4A}.Release|ARM.Build.0 = Release|Any CPU
		{B7B8F887-6CF2-4887-BC94-A5A456279B4A}.Release|ARM.Deploy.0 = Release|Any CPU
		{B7B8F887-6CF2-4887-BC94-A5A456279B4A}.Release|iPhone.ActiveCfg = Release|Any CPU
		{B7B8F887-6CF2-4887-BC94-A5A456279B4A}.Release|iPhone.Build.0 = Release|Any CPU
		{B7B8F887-6CF2-4887-BC94-A5A456279B4A}.Release|iPhone.Deploy.0 = Release|Any CPU
		{B7B8F887-6CF2-4887-BC94-A5A456279B4A}.Release|iPhoneSimulator.ActiveCfg = Release|Any CPU
		{B7B8F887-6CF2-4887-BC94-A5A456279B4A}.Release|iPhoneSimulator.Build.0 = Release|Any CPU
		{B7B8F887-6CF2-4887-BC94-A5A456279B4A}.Release|iPhoneSimulator.Deploy.0 = Release|Any CPU
		{B7B8F887-6CF2-4887-BC94-A5A456279B4A}.Release|x64.ActiveCfg = Release|Any CPU
		{B7B8F887-6CF2-4887-BC94-A5A456279B4A}.Release|x64.Build.0 = Release|Any CPU
		{B7B8F887-6CF2-4887-BC94-A5A456279B4A}.Release|x64.Deploy.0 = Release|Any CPU
		{B7B8F887-6CF2-4887-BC94-A5A456279B4A}.Release|x86.ActiveCfg = Release|Any CPU
		{B7B8F887-6CF2-4887-BC94-A5A456279B4A}.Release|x86.Build.0 = Release|Any CPU
		{B7B8F887-6CF2-4887-BC94-A5A456279B4A}.Release|x86.Deploy.0 = Release|Any CPU
		{ACC215FD-EBEB-4E23-B6D3-498CDE60F209}.Ad-Hoc|Any CPU.ActiveCfg = Ad-Hoc|iPhone
		{ACC215FD-EBEB-4E23-B6D3-498CDE60F209}.Ad-Hoc|ARM.ActiveCfg = Ad-Hoc|iPhone
		{ACC215FD-EBEB-4E23-B6D3-498CDE60F209}.Ad-Hoc|iPhone.ActiveCfg = Ad-Hoc|iPhone
		{ACC215FD-EBEB-4E23-B6D3-498CDE60F209}.Ad-Hoc|iPhone.Build.0 = Ad-Hoc|iPhone
		{ACC215FD-EBEB-4E23-B6D3-498CDE60F209}.Ad-Hoc|iPhoneSimulator.ActiveCfg = Ad-Hoc|iPhoneSimulator
		{ACC215FD-EBEB-4E23-B6D3-498CDE60F209}.Ad-Hoc|iPhoneSimulator.Build.0 = Ad-Hoc|iPhoneSimulator
		{ACC215FD-EBEB-4E23-B6D3-498CDE60F209}.Ad-Hoc|x64.ActiveCfg = Ad-Hoc|iPhone
		{ACC215FD-EBEB-4E23-B6D3-498CDE60F209}.Ad-Hoc|x86.ActiveCfg = Ad-Hoc|iPhone
		{ACC215FD-EBEB-4E23-B6D3-498CDE60F209}.AppStore|Any CPU.ActiveCfg = AppStore|iPhone
		{ACC215FD-EBEB-4E23-B6D3-498CDE60F209}.AppStore|ARM.ActiveCfg = AppStore|iPhone
		{ACC215FD-EBEB-4E23-B6D3-498CDE60F209}.AppStore|iPhone.ActiveCfg = AppStore|iPhone
		{ACC215FD-EBEB-4E23-B6D3-498CDE60F209}.AppStore|iPhone.Build.0 = AppStore|iPhone
		{ACC215FD-EBEB-4E23-B6D3-498CDE60F209}.AppStore|iPhoneSimulator.ActiveCfg = AppStore|iPhoneSimulator
		{ACC215FD-EBEB-4E23-B6D3-498CDE60F209}.AppStore|iPhoneSimulator.Build.0 = AppStore|iPhoneSimulator
		{ACC215FD-EBEB-4E23-B6D3-498CDE60F209}.AppStore|x64.ActiveCfg = AppStore|iPhone
		{ACC215FD-EBEB-4E23-B6D3-498CDE60F209}.AppStore|x86.ActiveCfg = AppStore|iPhone
		{ACC215FD-EBEB-4E23-B6D3-498CDE60F209}.Debug|Any CPU.ActiveCfg = Debug|iPhone
		{ACC215FD-EBEB-4E23-B6D3-498CDE60F209}.Debug|ARM.ActiveCfg = Debug|iPhone
		{ACC215FD-EBEB-4E23-B6D3-498CDE60F209}.Debug|iPhone.ActiveCfg = Debug|iPhone
		{ACC215FD-EBEB-4E23-B6D3-498CDE60F209}.Debug|iPhone.Build.0 = Debug|iPhone
		{ACC215FD-EBEB-4E23-B6D3-498CDE60F209}.Debug|iPhoneSimulator.ActiveCfg = Debug|iPhoneSimulator
		{ACC215FD-EBEB-4E23-B6D3-498CDE60F209}.Debug|iPhoneSimulator.Build.0 = Debug|iPhoneSimulator
		{ACC215FD-EBEB-4E23-B6D3-498CDE60F209}.Debug|x64.ActiveCfg = Debug|iPhone
		{ACC215FD-EBEB-4E23-B6D3-498CDE60F209}.Debug|x86.ActiveCfg = Debug|iPhone
		{ACC215FD-EBEB-4E23-B6D3-498CDE60F209}.Release|Any CPU.ActiveCfg = Release|iPhone
		{ACC215FD-EBEB-4E23-B6D3-498CDE60F209}.Release|ARM.ActiveCfg = Release|iPhone
		{ACC215FD-EBEB-4E23-B6D3-498CDE60F209}.Release|iPhone.ActiveCfg = Release|iPhone
		{ACC215FD-EBEB-4E23-B6D3-498CDE60F209}.Release|iPhone.Build.0 = Release|iPhone
		{ACC215FD-EBEB-4E23-B6D3-498CDE60F209}.Release|iPhoneSimulator.ActiveCfg = Release|iPhoneSimulator
		{ACC215FD-EBEB-4E23-B6D3-498CDE60F209}.Release|iPhoneSimulator.Build.0 = Release|iPhoneSimulator
		{ACC215FD-EBEB-4E23-B6D3-498CDE60F209}.Release|x64.ActiveCfg = Release|iPhone
		{ACC215FD-EBEB-4E23-B6D3-498CDE60F209}.Release|x86.ActiveCfg = Release|iPhone
		{223CF2BD-AB8A-4F89-B8E5-90CFC1BBA71F}.Ad-Hoc|Any CPU.ActiveCfg = Release|x86
		{223CF2BD-AB8A-4F89-B8E5-90CFC1BBA71F}.Ad-Hoc|Any CPU.Build.0 = Release|x86
		{223CF2BD-AB8A-4F89-B8E5-90CFC1BBA71F}.Ad-Hoc|Any CPU.Deploy.0 = Release|x86
		{223CF2BD-AB8A-4F89-B8E5-90CFC1BBA71F}.Ad-Hoc|ARM.ActiveCfg = Release|ARM
		{223CF2BD-AB8A-4F89-B8E5-90CFC1BBA71F}.Ad-Hoc|ARM.Build.0 = Release|ARM
		{223CF2BD-AB8A-4F89-B8E5-90CFC1BBA71F}.Ad-Hoc|ARM.Deploy.0 = Release|ARM
		{223CF2BD-AB8A-4F89-B8E5-90CFC1BBA71F}.Ad-Hoc|iPhone.ActiveCfg = Release|x86
		{223CF2BD-AB8A-4F89-B8E5-90CFC1BBA71F}.Ad-Hoc|iPhone.Build.0 = Release|x86
		{223CF2BD-AB8A-4F89-B8E5-90CFC1BBA71F}.Ad-Hoc|iPhone.Deploy.0 = Release|x86
		{223CF2BD-AB8A-4F89-B8E5-90CFC1BBA71F}.Ad-Hoc|iPhoneSimulator.ActiveCfg = Release|x86
		{223CF2BD-AB8A-4F89-B8E5-90CFC1BBA71F}.Ad-Hoc|iPhoneSimulator.Build.0 = Release|x86
		{223CF2BD-AB8A-4F89-B8E5-90CFC1BBA71F}.Ad-Hoc|iPhoneSimulator.Deploy.0 = Release|x86
		{223CF2BD-AB8A-4F89-B8E5-90CFC1BBA71F}.Ad-Hoc|x64.ActiveCfg = Release|x64
		{223CF2BD-AB8A-4F89-B8E5-90CFC1BBA71F}.Ad-Hoc|x64.Build.0 = Release|x64
		{223CF2BD-AB8A-4F89-B8E5-90CFC1BBA71F}.Ad-Hoc|x64.Deploy.0 = Release|x64
		{223CF2BD-AB8A-4F89-B8E5-90CFC1BBA71F}.Ad-Hoc|x86.ActiveCfg = Release|x86
		{223CF2BD-AB8A-4F89-B8E5-90CFC1BBA71F}.Ad-Hoc|x86.Build.0 = Release|x86
		{223CF2BD-AB8A-4F89-B8E5-90CFC1BBA71F}.Ad-Hoc|x86.Deploy.0 = Release|x86
		{223CF2BD-AB8A-4F89-B8E5-90CFC1BBA71F}.AppStore|Any CPU.ActiveCfg = Release|x86
		{223CF2BD-AB8A-4F89-B8E5-90CFC1BBA71F}.AppStore|Any CPU.Build.0 = Release|x86
		{223CF2BD-AB8A-4F89-B8E5-90CFC1BBA71F}.AppStore|Any CPU.Deploy.0 = Release|x86
		{223CF2BD-AB8A-4F89-B8E5-90CFC1BBA71F}.AppStore|ARM.ActiveCfg = Release|ARM
		{223CF2BD-AB8A-4F89-B8E5-90CFC1BBA71F}.AppStore|ARM.Build.0 = Release|ARM
		{223CF2BD-AB8A-4F89-B8E5-90CFC1BBA71F}.AppStore|ARM.Deploy.0 = Release|ARM
		{223CF2BD-AB8A-4F89-B8E5-90CFC1BBA71F}.AppStore|iPhone.ActiveCfg = Release|x86
		{223CF2BD-AB8A-4F89-B8E5-90CFC1BBA71F}.AppStore|iPhone.Build.0 = Release|x86
		{223CF2BD-AB8A-4F89-B8E5-90CFC1BBA71F}.AppStore|iPhone.Deploy.0 = Release|x86
		{223CF2BD-AB8A-4F89-B8E5-90CFC1BBA71F}.AppStore|iPhoneSimulator.ActiveCfg = Release|x86
		{223CF2BD-AB8A-4F89-B8E5-90CFC1BBA71F}.AppStore|iPhoneSimulator.Build.0 = Release|x86
		{223CF2BD-AB8A-4F89-B8E5-90CFC1BBA71F}.AppStore|iPhoneSimulator.Deploy.0 = Release|x86
		{223CF2BD-AB8A-4F89-B8E5-90CFC1BBA71F}.AppStore|x64.ActiveCfg = Release|x64
		{223CF2BD-AB8A-4F89-B8E5-90CFC1BBA71F}.AppStore|x64.Build.0 = Release|x64
		{223CF2BD-AB8A-4F89-B8E5-90CFC1BBA71F}.AppStore|x64.Deploy.0 = Release|x64
		{223CF2BD-AB8A-4F89-B8E5-90CFC1BBA71F}.AppStore|x86.ActiveCfg = Release|x86
		{223CF2BD-AB8A-4F89-B8E5-90CFC1BBA71F}.AppStore|x86.Build.0 = Release|x86
		{223CF2BD-AB8A-4F89-B8E5-90CFC1BBA71F}.AppStore|x86.Deploy.0 = Release|x86
		{223CF2BD-AB8A-4F89-B8E5-90CFC1BBA71F}.Debug|Any CPU.ActiveCfg = Debug|x86
		{223CF2BD-AB8A-4F89-B8E5-90CFC1BBA71F}.Debug|ARM.ActiveCfg = Debug|ARM
		{223CF2BD-AB8A-4F89-B8E5-90CFC1BBA71F}.Debug|ARM.Build.0 = Debug|ARM
		{223CF2BD-AB8A-4F89-B8E5-90CFC1BBA71F}.Debug|ARM.Deploy.0 = Debug|ARM
		{223CF2BD-AB8A-4F89-B8E5-90CFC1BBA71F}.Debug|iPhone.ActiveCfg = Debug|x86
		{223CF2BD-AB8A-4F89-B8E5-90CFC1BBA71F}.Debug|iPhoneSimulator.ActiveCfg = Debug|x86
		{223CF2BD-AB8A-4F89-B8E5-90CFC1BBA71F}.Debug|x64.ActiveCfg = Debug|x64
		{223CF2BD-AB8A-4F89-B8E5-90CFC1BBA71F}.Debug|x64.Build.0 = Debug|x64
		{223CF2BD-AB8A-4F89-B8E5-90CFC1BBA71F}.Debug|x64.Deploy.0 = Debug|x64
		{223CF2BD-AB8A-4F89-B8E5-90CFC1BBA71F}.Debug|x86.ActiveCfg = Debug|x86
		{223CF2BD-AB8A-4F89-B8E5-90CFC1BBA71F}.Debug|x86.Build.0 = Debug|x86
		{223CF2BD-AB8A-4F89-B8E5-90CFC1BBA71F}.Debug|x86.Deploy.0 = Debug|x86
		{223CF2BD-AB8A-4F89-B8E5-90CFC1BBA71F}.Release|Any CPU.ActiveCfg = Release|x86
		{223CF2BD-AB8A-4F89-B8E5-90CFC1BBA71F}.Release|ARM.ActiveCfg = Release|ARM
		{223CF2BD-AB8A-4F89-B8E5-90CFC1BBA71F}.Release|ARM.Build.0 = Release|ARM
		{223CF2BD-AB8A-4F89-B8E5-90CFC1BBA71F}.Release|ARM.Deploy.0 = Release|ARM
		{223CF2BD-AB8A-4F89-B8E5-90CFC1BBA71F}.Release|iPhone.ActiveCfg = Release|x86
		{223CF2BD-AB8A-4F89-B8E5-90CFC1BBA71F}.Release|iPhoneSimulator.ActiveCfg = Release|x86
		{223CF2BD-AB8A-4F89-B8E5-90CFC1BBA71F}.Release|x64.ActiveCfg = Release|x64
		{223CF2BD-AB8A-4F89-B8E5-90CFC1BBA71F}.Release|x64.Build.0 = Release|x64
		{223CF2BD-AB8A-4F89-B8E5-90CFC1BBA71F}.Release|x64.Deploy.0 = Release|x64
		{223CF2BD-AB8A-4F89-B8E5-90CFC1BBA71F}.Release|x86.ActiveCfg = Release|x86
		{223CF2BD-AB8A-4F89-B8E5-90CFC1BBA71F}.Release|x86.Build.0 = Release|x86
		{223CF2BD-AB8A-4F89-B8E5-90CFC1BBA71F}.Release|x86.Deploy.0 = Release|x86
	EndGlobalSection
	GlobalSection(SolutionProperties) = preSolution
		HideSolutionNode = FALSE
	EndGlobalSection
EndGlobal
